
Microsoft Visual Studio Solution File, Format Version 10.00
# Visual Studio 2008
Project("{FAE04EC0-301F-11D3-BF4B-00C04F79EFBC}") = "Rawr", "Rawr.csproj", "{A0F124AB-2A3C-488C-A8AB-38FC5444CB37}"
	ProjectSection(ProjectDependencies) = postProject
		{1AC9D213-B355-4CA4-880C-6561D18FB285} = {1AC9D213-B355-4CA4-880C-6561D18FB285}
		{45C4E515-FDF5-4829-9C48-236ED0C83215} = {45C4E515-FDF5-4829-9C48-236ED0C83215}
		{3CBA225F-E45A-48D3-B039-980473FD8774} = {3CBA225F-E45A-48D3-B039-980473FD8774}
		{BF91EA62-997E-4094-BD99-9F8917FF66AA} = {BF91EA62-997E-4094-BD99-9F8917FF66AA}
		{2C87A084-93E5-46C2-8ED7-8B863630D7AC} = {2C87A084-93E5-46C2-8ED7-8B863630D7AC}
		{CB6873C5-563F-4305-9817-4477F498433C} = {CB6873C5-563F-4305-9817-4477F498433C}
		{0192EACB-69A8-4F54-9E30-499844A78FF7} = {0192EACB-69A8-4F54-9E30-499844A78FF7}
		{20DCE3DB-4074-449C-BC62-DDF7AEBF81A3} = {20DCE3DB-4074-449C-BC62-DDF7AEBF81A3}
	EndProjectSection
EndProject
Project("{FAE04EC0-301F-11D3-BF4B-00C04F79EFBC}") = "Rawr.Base", "Rawr.Base\Rawr.Base.csproj", "{842B74C7-EE94-44D9-A02F-4074166EF506}"
EndProject
Project("{FAE04EC0-301F-11D3-BF4B-00C04F79EFBC}") = "Rawr.Cat", "Rawr.Cat\Rawr.Cat.csproj", "{20DCE3DB-4074-449C-BC62-DDF7AEBF81A3}"
EndProject
Project("{FAE04EC0-301F-11D3-BF4B-00C04F79EFBC}") = "Rawr.Bear", "Rawr.Bear\Rawr.Bear.csproj", "{BF91EA62-997E-4094-BD99-9F8917FF66AA}"
EndProject
Project("{FAE04EC0-301F-11D3-BF4B-00C04F79EFBC}") = "Rawr.Mage", "Rawr.Mage\Rawr.Mage.csproj", "{3CBA225F-E45A-48D3-B039-980473FD8774}"
EndProject
Project("{FAE04EC0-301F-11D3-BF4B-00C04F79EFBC}") = "Rawr.Moonkin", "Rawr.Moonkin\Rawr.Moonkin.csproj", "{1AC9D213-B355-4CA4-880C-6561D18FB285}"
EndProject
Project("{FAE04EC0-301F-11D3-BF4B-00C04F79EFBC}") = "Rawr.Rogue", "Rawr.Rogue\Rawr.Rogue.csproj", "{45C4E515-FDF5-4829-9C48-236ED0C83215}"
EndProject
Project("{FAE04EC0-301F-11D3-BF4B-00C04F79EFBC}") = "Rawr.Warlock", "Rawr.Warlock\Rawr.Warlock.csproj", "{CB6873C5-563F-4305-9817-4477F498433C}"
EndProject
Project("{FAE04EC0-301F-11D3-BF4B-00C04F79EFBC}") = "Rawr.Healadin", "Rawr.Healadin\Rawr.Healadin.csproj", "{2C87A084-93E5-46C2-8ED7-8B863630D7AC}"
EndProject
Project("{FAE04EC0-301F-11D3-BF4B-00C04F79EFBC}") = "Rawr.Retribution", "Rawr.Retribution\Rawr.Retribution.csproj", "{0192EACB-69A8-4F54-9E30-499844A78FF7}"
EndProject
Project("{FAE04EC0-301F-11D3-BF4B-00C04F79EFBC}") = "Rawr.ProtWarr", "Rawr.ProtWarr\Rawr.ProtWarr.csproj", "{CB6E88BD-726A-4E0F-B265-6DE6F92669CE}"
EndProject
Project("{FAE04EC0-301F-11D3-BF4B-00C04F79EFBC}") = "Rawr.Test", "Rawr.Test\Rawr.Test.csproj", "{6C44D73B-1D7D-43C7-85B4-9580D91718E4}"
EndProject
Project("{2150E333-8FDC-42A3-9474-1A3956D46DE8}") = "Solution Items", "Solution Items", "{1A470AAC-4DAC-4DED-9E32-1CD2ABCEF796}"
	ProjectSection(SolutionItems) = preProject
		LocalTestRun.testrunconfig = LocalTestRun.testrunconfig
		Rawr.vsmdi = Rawr.vsmdi
	EndProjectSection
EndProject
Project("{FAE04EC0-301F-11D3-BF4B-00C04F79EFBC}") = "Rawr.Tankadin", "Rawr.Tankadin\Rawr.Tankadin.csproj", "{53627E83-015D-462C-BEF9-939443C37298}"
EndProject
Project("{FAE04EC0-301F-11D3-BF4B-00C04F79EFBC}") = "Rawr.DPSWarr", "Rawr.DPSWarr\Rawr.DPSWarr.csproj", "{BB4394D2-6FEC-4610-BFFE-B6A95DE54142}"
EndProject
Project("{FAE04EC0-301F-11D3-BF4B-00C04F79EFBC}") = "Rawr.Tree", "Rawr.Tree\Rawr.Tree.csproj", "{1BB71DA7-BA19-49D2-B8C2-CD10B6A6F9D5}"
EndProject
Project("{FAE04EC0-301F-11D3-BF4B-00C04F79EFBC}") = "Rawr.Hunter", "Rawr.Hunter\Rawr.Hunter.csproj", "{748DD530-B2A7-4459-9BE8-58BDB52C6183}"
EndProject
Project("{FAE04EC0-301F-11D3-BF4B-00C04F79EFBC}") = "Rawr.Silverlight", "Rawr.Silverlight\Rawr.Silverlight.csproj", "{0232FFFA-2373-4F02-A76A-FFFB44CCD66D}"
	ProjectSection(ProjectDependencies) = postProject
		{35A74646-694E-42A1-8541-1E3363CCB851} = {35A74646-694E-42A1-8541-1E3363CCB851}
	EndProjectSection
EndProject
Project("{E24C65DC-7377-472B-9ABA-BC803B73C61A}") = "Rawr.Silverlight.Web", "Rawr.Silverlight.Web", "{625E6639-8278-471F-99C3-01A8CB2E60F0}"
	ProjectSection(WebsiteProperties) = preProject
		SccProjectName = "SAK"
		SccAuxPath = "SAK"
		SccLocalPath = "SAK"
		SccProvider = "SAK"
		TargetFramework = "3.5"
		Debug.AspNetCompiler.VirtualPath = "/Rawr.Silverlight.Web"
		Debug.AspNetCompiler.PhysicalPath = "Rawr.Silverlight.Web\"
		Debug.AspNetCompiler.TargetPath = "PrecompiledWeb\Rawr.Silverlight.Web\"
		Debug.AspNetCompiler.Updateable = "true"
		Debug.AspNetCompiler.ForceOverwrite = "true"
		Debug.AspNetCompiler.FixedNames = "false"
		Debug.AspNetCompiler.Debug = "True"
		Release.AspNetCompiler.VirtualPath = "/Rawr.Silverlight.Web"
		Release.AspNetCompiler.PhysicalPath = "Rawr.Silverlight.Web\"
		Release.AspNetCompiler.TargetPath = "PrecompiledWeb\Rawr.Silverlight.Web\"
		Release.AspNetCompiler.Updateable = "true"
		Release.AspNetCompiler.ForceOverwrite = "true"
		Release.AspNetCompiler.FixedNames = "false"
		Release.AspNetCompiler.Debug = "False"
		VWDPort = "4904"
		DefaultWebSiteLanguage = "Visual C#"
		ProjOutputReferences = "{0232FFFA-2373-4F02-A76A-FFFB44CCD66D}|ClientBin|false;"
	EndProjectSection
EndProject
Project("{FAE04EC0-301F-11D3-BF4B-00C04F79EFBC}") = "Rawr.WCFService", "Rawr.WCFService\Rawr.WCFService.csproj", "{35A74646-694E-42A1-8541-1E3363CCB851}"
EndProject
Project("{FAE04EC0-301F-11D3-BF4B-00C04F79EFBC}") = "Rawr.Silverlight.Controls", "Rawr.Silverlight.Controls\Rawr.Silverlight.Controls.csproj", "{077CF19E-227A-4AF7-AAFC-F95CDDC8211D}"
EndProject
Project("{FAE04EC0-301F-11D3-BF4B-00C04F79EFBC}") = "Rawr.RestoSham", "Rawr.RestoSham\Rawr.RestoSham.csproj", "{CE44F58E-AE57-4969-8819-0AD7F8362881}"
EndProject
Global
	GlobalSection(TeamFoundationVersionControl) = preSolution
		SccNumberOfProjects = 21
		SccEnterpriseProvider = {4CA58AB2-18FA-4F8D-95D4-32DDF27D184C}
		SccTeamFoundationServer = https://tfs03.codeplex.com/
		SccLocalPath0 = .
		SccProjectUniqueName1 = Rawr.csproj
		SccLocalPath1 = .
		SccProjectUniqueName2 = Rawr.Base\\Rawr.Base.csproj
		SccProjectName2 = Rawr.Base
		SccLocalPath2 = Rawr.Base
		SccProjectUniqueName3 = Rawr.Cat\\Rawr.Cat.csproj
		SccProjectName3 = Rawr.Cat
		SccLocalPath3 = Rawr.Cat
		SccProjectUniqueName4 = Rawr.Bear\\Rawr.Bear.csproj
		SccProjectName4 = Rawr.Bear
		SccLocalPath4 = Rawr.Bear
		SccProjectUniqueName5 = Rawr.Mage\\Rawr.Mage.csproj
		SccProjectName5 = Rawr.Mage
		SccLocalPath5 = Rawr.Mage
		SccProjectUniqueName6 = Rawr.Moonkin\\Rawr.Moonkin.csproj
		SccProjectName6 = Rawr.Moonkin
		SccLocalPath6 = Rawr.Moonkin
		SccProjectUniqueName7 = Rawr.Rogue\\Rawr.Rogue.csproj
		SccProjectName7 = Rawr.Rogue
		SccLocalPath7 = Rawr.Rogue
		SccProjectUniqueName8 = Rawr.Warlock\\Rawr.Warlock.csproj
		SccProjectName8 = Rawr.Warlock
		SccLocalPath8 = Rawr.Warlock
		SccProjectUniqueName9 = Rawr.Healadin\\Rawr.Healadin.csproj
		SccProjectName9 = Rawr.Healadin
		SccLocalPath9 = Rawr.Healadin
		SccProjectUniqueName10 = Rawr.Retribution\\Rawr.Retribution.csproj
		SccProjectName10 = Rawr.Retribution
		SccLocalPath10 = Rawr.Retribution
		SccProjectUniqueName11 = Rawr.ProtWarr\\Rawr.ProtWarr.csproj
		SccProjectName11 = Rawr.ProtWarr
		SccLocalPath11 = Rawr.ProtWarr
		SccProjectUniqueName12 = Rawr.Tankadin\\Rawr.Tankadin.csproj
		SccProjectName12 = Rawr.Tankadin
		SccLocalPath12 = Rawr.Tankadin
		SccProjectUniqueName13 = Rawr.DPSWarr\\Rawr.DPSWarr.csproj
		SccProjectName13 = Rawr.DPSWarr
		SccLocalPath13 = Rawr.DPSWarr
		SccProjectUniqueName14 = Rawr.Tree\\Rawr.Tree.csproj
		SccProjectName14 = Rawr.Tree
		SccLocalPath14 = Rawr.Tree
		SccProjectUniqueName15 = Rawr.Hunter\\Rawr.Hunter.csproj
		SccProjectName15 = Rawr.Hunter
		SccLocalPath15 = Rawr.Hunter
		SccProjectUniqueName16 = Rawr.Silverlight\\Rawr.Silverlight.csproj
		SccProjectName16 = Rawr.Silverlight
		SccLocalPath16 = Rawr.Silverlight
		SccWebProject17 = true
		SccProjectUniqueName17 = Rawr.Silverlight.Web
		SccLocalPath17 = .
		SccProjectFilePathRelativizedFromConnection17 = Rawr.Silverlight.Web\\
		SccProjectEnlistmentChoice17 = 2
		SccProjectUniqueName18 = Rawr.WCFService\\Rawr.WCFService.csproj
		SccProjectName18 = Rawr.WCFService
		SccLocalPath18 = Rawr.WCFService
		SccProjectUniqueName19 = Rawr.Silverlight.Controls\\Rawr.Silverlight.Controls.csproj
		SccProjectName19 = Rawr.Silverlight.Controls
		SccLocalPath19 = Rawr.Silverlight.Controls
		SccProjectUniqueName20 = Rawr.RestoSham\\Rawr.RestoSham.csproj
		SccProjectName20 = Rawr.RestoSham
		SccLocalPath20 = Rawr.RestoSham
	EndGlobalSection
	GlobalSection(SolutionConfigurationPlatforms) = preSolution
		Debug|.NET = Debug|.NET
		Debug|Any CPU = Debug|Any CPU
		Debug|Mixed Platforms = Debug|Mixed Platforms
		Debug|x86 = Debug|x86
		Release|.NET = Release|.NET
		Release|Any CPU = Release|Any CPU
		Release|Mixed Platforms = Release|Mixed Platforms
		Release|x86 = Release|x86
	EndGlobalSection
	GlobalSection(ProjectConfigurationPlatforms) = postSolution
		{A0F124AB-2A3C-488C-A8AB-38FC5444CB37}.Debug|.NET.ActiveCfg = Debug|x86
		{A0F124AB-2A3C-488C-A8AB-38FC5444CB37}.Debug|Any CPU.ActiveCfg = Debug|Any CPU
		{A0F124AB-2A3C-488C-A8AB-38FC5444CB37}.Debug|Any CPU.Build.0 = Debug|Any CPU
		{A0F124AB-2A3C-488C-A8AB-38FC5444CB37}.Debug|Mixed Platforms.ActiveCfg = Release|Any CPU
		{A0F124AB-2A3C-488C-A8AB-38FC5444CB37}.Debug|Mixed Platforms.Build.0 = Release|Any CPU
		{A0F124AB-2A3C-488C-A8AB-38FC5444CB37}.Debug|x86.ActiveCfg = Debug|x86
		{A0F124AB-2A3C-488C-A8AB-38FC5444CB37}.Debug|x86.Build.0 = Debug|x86
		{A0F124AB-2A3C-488C-A8AB-38FC5444CB37}.Release|.NET.ActiveCfg = Release|x86
		{A0F124AB-2A3C-488C-A8AB-38FC5444CB37}.Release|Any CPU.ActiveCfg = Release|Any CPU
		{A0F124AB-2A3C-488C-A8AB-38FC5444CB37}.Release|Any CPU.Build.0 = Release|Any CPU
		{A0F124AB-2A3C-488C-A8AB-38FC5444CB37}.Release|Mixed Platforms.ActiveCfg = Release|Any CPU
		{A0F124AB-2A3C-488C-A8AB-38FC5444CB37}.Release|Mixed Platforms.Build.0 = Release|Any CPU
		{A0F124AB-2A3C-488C-A8AB-38FC5444CB37}.Release|x86.ActiveCfg = Release|x86
		{A0F124AB-2A3C-488C-A8AB-38FC5444CB37}.Release|x86.Build.0 = Release|x86
		{842B74C7-EE94-44D9-A02F-4074166EF506}.Debug|.NET.ActiveCfg = Debug|Any CPU
		{842B74C7-EE94-44D9-A02F-4074166EF506}.Debug|Any CPU.ActiveCfg = Debug|Any CPU
		{842B74C7-EE94-44D9-A02F-4074166EF506}.Debug|Any CPU.Build.0 = Debug|Any CPU
		{842B74C7-EE94-44D9-A02F-4074166EF506}.Debug|Mixed Platforms.ActiveCfg = Release|Any CPU
		{842B74C7-EE94-44D9-A02F-4074166EF506}.Debug|Mixed Platforms.Build.0 = Release|Any CPU
		{842B74C7-EE94-44D9-A02F-4074166EF506}.Debug|x86.ActiveCfg = Debug|Any CPU
		{842B74C7-EE94-44D9-A02F-4074166EF506}.Release|.NET.ActiveCfg = Release|Any CPU
		{842B74C7-EE94-44D9-A02F-4074166EF506}.Release|Any CPU.ActiveCfg = Release|Any CPU
		{842B74C7-EE94-44D9-A02F-4074166EF506}.Release|Any CPU.Build.0 = Release|Any CPU
		{842B74C7-EE94-44D9-A02F-4074166EF506}.Release|Mixed Platforms.ActiveCfg = Release|Any CPU
		{842B74C7-EE94-44D9-A02F-4074166EF506}.Release|Mixed Platforms.Build.0 = Release|Any CPU
		{842B74C7-EE94-44D9-A02F-4074166EF506}.Release|x86.ActiveCfg = Release|Any CPU
		{20DCE3DB-4074-449C-BC62-DDF7AEBF81A3}.Debug|.NET.ActiveCfg = Debug|Any CPU
		{20DCE3DB-4074-449C-BC62-DDF7AEBF81A3}.Debug|Any CPU.ActiveCfg = Debug|Any CPU
		{20DCE3DB-4074-449C-BC62-DDF7AEBF81A3}.Debug|Any CPU.Build.0 = Debug|Any CPU
		{20DCE3DB-4074-449C-BC62-DDF7AEBF81A3}.Debug|Mixed Platforms.ActiveCfg = Release|Any CPU
		{20DCE3DB-4074-449C-BC62-DDF7AEBF81A3}.Debug|Mixed Platforms.Build.0 = Release|Any CPU
		{20DCE3DB-4074-449C-BC62-DDF7AEBF81A3}.Debug|x86.ActiveCfg = Debug|Any CPU
		{20DCE3DB-4074-449C-BC62-DDF7AEBF81A3}.Release|.NET.ActiveCfg = Release|Any CPU
		{20DCE3DB-4074-449C-BC62-DDF7AEBF81A3}.Release|Any CPU.ActiveCfg = Release|Any CPU
		{20DCE3DB-4074-449C-BC62-DDF7AEBF81A3}.Release|Any CPU.Build.0 = Release|Any CPU
		{20DCE3DB-4074-449C-BC62-DDF7AEBF81A3}.Release|Mixed Platforms.ActiveCfg = Release|Any CPU
		{20DCE3DB-4074-449C-BC62-DDF7AEBF81A3}.Release|Mixed Platforms.Build.0 = Release|Any CPU
		{20DCE3DB-4074-449C-BC62-DDF7AEBF81A3}.Release|x86.ActiveCfg = Release|Any CPU
		{BF91EA62-997E-4094-BD99-9F8917FF66AA}.Debug|.NET.ActiveCfg = Debug|Any CPU
		{BF91EA62-997E-4094-BD99-9F8917FF66AA}.Debug|Any CPU.ActiveCfg = Debug|Any CPU
		{BF91EA62-997E-4094-BD99-9F8917FF66AA}.Debug|Any CPU.Build.0 = Debug|Any CPU
		{BF91EA62-997E-4094-BD99-9F8917FF66AA}.Debug|Mixed Platforms.ActiveCfg = Release|Any CPU
		{BF91EA62-997E-4094-BD99-9F8917FF66AA}.Debug|Mixed Platforms.Build.0 = Release|Any CPU
		{BF91EA62-997E-4094-BD99-9F8917FF66AA}.Debug|x86.ActiveCfg = Debug|Any CPU
		{BF91EA62-997E-4094-BD99-9F8917FF66AA}.Release|.NET.ActiveCfg = Release|Any CPU
		{BF91EA62-997E-4094-BD99-9F8917FF66AA}.Release|Any CPU.ActiveCfg = Release|Any CPU
		{BF91EA62-997E-4094-BD99-9F8917FF66AA}.Release|Any CPU.Build.0 = Release|Any CPU
		{BF91EA62-997E-4094-BD99-9F8917FF66AA}.Release|Mixed Platforms.ActiveCfg = Release|Any CPU
		{BF91EA62-997E-4094-BD99-9F8917FF66AA}.Release|Mixed Platforms.Build.0 = Release|Any CPU
		{BF91EA62-997E-4094-BD99-9F8917FF66AA}.Release|x86.ActiveCfg = Release|Any CPU
		{3CBA225F-E45A-48D3-B039-980473FD8774}.Debug|.NET.ActiveCfg = Debug|Any CPU
		{3CBA225F-E45A-48D3-B039-980473FD8774}.Debug|Any CPU.ActiveCfg = Debug|Any CPU
		{3CBA225F-E45A-48D3-B039-980473FD8774}.Debug|Any CPU.Build.0 = Debug|Any CPU
		{3CBA225F-E45A-48D3-B039-980473FD8774}.Debug|Mixed Platforms.ActiveCfg = Release|Any CPU
		{3CBA225F-E45A-48D3-B039-980473FD8774}.Debug|Mixed Platforms.Build.0 = Release|Any CPU
		{3CBA225F-E45A-48D3-B039-980473FD8774}.Debug|x86.ActiveCfg = Debug|Any CPU
		{3CBA225F-E45A-48D3-B039-980473FD8774}.Release|.NET.ActiveCfg = Release|Any CPU
		{3CBA225F-E45A-48D3-B039-980473FD8774}.Release|Any CPU.ActiveCfg = Release|Any CPU
		{3CBA225F-E45A-48D3-B039-980473FD8774}.Release|Any CPU.Build.0 = Release|Any CPU
		{3CBA225F-E45A-48D3-B039-980473FD8774}.Release|Mixed Platforms.ActiveCfg = Release|Any CPU
		{3CBA225F-E45A-48D3-B039-980473FD8774}.Release|Mixed Platforms.Build.0 = Release|Any CPU
		{3CBA225F-E45A-48D3-B039-980473FD8774}.Release|x86.ActiveCfg = Release|Any CPU
		{1AC9D213-B355-4CA4-880C-6561D18FB285}.Debug|.NET.ActiveCfg = Debug|Any CPU
		{1AC9D213-B355-4CA4-880C-6561D18FB285}.Debug|Any CPU.ActiveCfg = Debug|Any CPU
		{1AC9D213-B355-4CA4-880C-6561D18FB285}.Debug|Any CPU.Build.0 = Debug|Any CPU
		{1AC9D213-B355-4CA4-880C-6561D18FB285}.Debug|Mixed Platforms.ActiveCfg = Release|Any CPU
		{1AC9D213-B355-4CA4-880C-6561D18FB285}.Debug|Mixed Platforms.Build.0 = Release|Any CPU
		{1AC9D213-B355-4CA4-880C-6561D18FB285}.Debug|x86.ActiveCfg = Debug|Any CPU
		{1AC9D213-B355-4CA4-880C-6561D18FB285}.Release|.NET.ActiveCfg = Release|Any CPU
		{1AC9D213-B355-4CA4-880C-6561D18FB285}.Release|Any CPU.ActiveCfg = Release|Any CPU
		{1AC9D213-B355-4CA4-880C-6561D18FB285}.Release|Any CPU.Build.0 = Release|Any CPU
		{1AC9D213-B355-4CA4-880C-6561D18FB285}.Release|Mixed Platforms.ActiveCfg = Release|Any CPU
		{1AC9D213-B355-4CA4-880C-6561D18FB285}.Release|Mixed Platforms.Build.0 = Release|Any CPU
		{1AC9D213-B355-4CA4-880C-6561D18FB285}.Release|x86.ActiveCfg = Release|Any CPU
		{45C4E515-FDF5-4829-9C48-236ED0C83215}.Debug|.NET.ActiveCfg = Debug|Any CPU
		{45C4E515-FDF5-4829-9C48-236ED0C83215}.Debug|Any CPU.ActiveCfg = Debug|Any CPU
		{45C4E515-FDF5-4829-9C48-236ED0C83215}.Debug|Mixed Platforms.ActiveCfg = Release|Any CPU
		{45C4E515-FDF5-4829-9C48-236ED0C83215}.Debug|x86.ActiveCfg = Debug|Any CPU
		{45C4E515-FDF5-4829-9C48-236ED0C83215}.Release|.NET.ActiveCfg = Release|Any CPU
		{45C4E515-FDF5-4829-9C48-236ED0C83215}.Release|Any CPU.ActiveCfg = Release|Any CPU
		{45C4E515-FDF5-4829-9C48-236ED0C83215}.Release|Mixed Platforms.ActiveCfg = Release|Any CPU
		{45C4E515-FDF5-4829-9C48-236ED0C83215}.Release|x86.ActiveCfg = Release|Any CPU
		{CB6873C5-563F-4305-9817-4477F498433C}.Debug|.NET.ActiveCfg = Debug|Any CPU
		{CB6873C5-563F-4305-9817-4477F498433C}.Debug|Any CPU.ActiveCfg = Debug|Any CPU
		{CB6873C5-563F-4305-9817-4477F498433C}.Debug|Any CPU.Build.0 = Debug|Any CPU
		{CB6873C5-563F-4305-9817-4477F498433C}.Debug|Mixed Platforms.ActiveCfg = Release|Any CPU
		{CB6873C5-563F-4305-9817-4477F498433C}.Debug|Mixed Platforms.Build.0 = Release|Any CPU
		{CB6873C5-563F-4305-9817-4477F498433C}.Debug|x86.ActiveCfg = Debug|Any CPU
		{CB6873C5-563F-4305-9817-4477F498433C}.Release|.NET.ActiveCfg = Release|Any CPU
		{CB6873C5-563F-4305-9817-4477F498433C}.Release|Any CPU.ActiveCfg = Release|Any CPU
		{CB6873C5-563F-4305-9817-4477F498433C}.Release|Any CPU.Build.0 = Release|Any CPU
		{CB6873C5-563F-4305-9817-4477F498433C}.Release|Mixed Platforms.ActiveCfg = Release|Any CPU
		{CB6873C5-563F-4305-9817-4477F498433C}.Release|Mixed Platforms.Build.0 = Release|Any CPU
		{CB6873C5-563F-4305-9817-4477F498433C}.Release|x86.ActiveCfg = Release|Any CPU
		{2C87A084-93E5-46C2-8ED7-8B863630D7AC}.Debug|.NET.ActiveCfg = Debug|Any CPU
		{2C87A084-93E5-46C2-8ED7-8B863630D7AC}.Debug|Any CPU.ActiveCfg = Debug|Any CPU
		{2C87A084-93E5-46C2-8ED7-8B863630D7AC}.Debug|Any CPU.Build.0 = Debug|Any CPU
		{2C87A084-93E5-46C2-8ED7-8B863630D7AC}.Debug|Mixed Platforms.ActiveCfg = Release|Any CPU
		{2C87A084-93E5-46C2-8ED7-8B863630D7AC}.Debug|Mixed Platforms.Build.0 = Release|Any CPU
		{2C87A084-93E5-46C2-8ED7-8B863630D7AC}.Debug|x86.ActiveCfg = Debug|Any CPU
		{2C87A084-93E5-46C2-8ED7-8B863630D7AC}.Release|.NET.ActiveCfg = Release|Any CPU
		{2C87A084-93E5-46C2-8ED7-8B863630D7AC}.Release|Any CPU.ActiveCfg = Release|Any CPU
		{2C87A084-93E5-46C2-8ED7-8B863630D7AC}.Release|Any CPU.Build.0 = Release|Any CPU
		{2C87A084-93E5-46C2-8ED7-8B863630D7AC}.Release|Mixed Platforms.ActiveCfg = Release|Any CPU
		{2C87A084-93E5-46C2-8ED7-8B863630D7AC}.Release|Mixed Platforms.Build.0 = Release|Any CPU
		{2C87A084-93E5-46C2-8ED7-8B863630D7AC}.Release|x86.ActiveCfg = Release|Any CPU
		{0192EACB-69A8-4F54-9E30-499844A78FF7}.Debug|.NET.ActiveCfg = Debug|Any CPU
		{0192EACB-69A8-4F54-9E30-499844A78FF7}.Debug|Any CPU.ActiveCfg = Debug|Any CPU
		{0192EACB-69A8-4F54-9E30-499844A78FF7}.Debug|Any CPU.Build.0 = Debug|Any CPU
		{0192EACB-69A8-4F54-9E30-499844A78FF7}.Debug|Mixed Platforms.ActiveCfg = Release|Any CPU
		{0192EACB-69A8-4F54-9E30-499844A78FF7}.Debug|Mixed Platforms.Build.0 = Release|Any CPU
		{0192EACB-69A8-4F54-9E30-499844A78FF7}.Debug|x86.ActiveCfg = Debug|Any CPU
		{0192EACB-69A8-4F54-9E30-499844A78FF7}.Release|.NET.ActiveCfg = Release|Any CPU
		{0192EACB-69A8-4F54-9E30-499844A78FF7}.Release|Any CPU.ActiveCfg = Release|Any CPU
		{0192EACB-69A8-4F54-9E30-499844A78FF7}.Release|Any CPU.Build.0 = Release|Any CPU
		{0192EACB-69A8-4F54-9E30-499844A78FF7}.Release|Mixed Platforms.ActiveCfg = Release|Any CPU
		{0192EACB-69A8-4F54-9E30-499844A78FF7}.Release|Mixed Platforms.Build.0 = Release|Any CPU
		{0192EACB-69A8-4F54-9E30-499844A78FF7}.Release|x86.ActiveCfg = Release|Any CPU
		{CB6E88BD-726A-4E0F-B265-6DE6F92669CE}.Debug|.NET.ActiveCfg = Debug|Any CPU
		{CB6E88BD-726A-4E0F-B265-6DE6F92669CE}.Debug|Any CPU.ActiveCfg = Debug|Any CPU
		{CB6E88BD-726A-4E0F-B265-6DE6F92669CE}.Debug|Any CPU.Build.0 = Debug|Any CPU
		{CB6E88BD-726A-4E0F-B265-6DE6F92669CE}.Debug|Mixed Platforms.ActiveCfg = Release|Any CPU
		{CB6E88BD-726A-4E0F-B265-6DE6F92669CE}.Debug|Mixed Platforms.Build.0 = Release|Any CPU
		{CB6E88BD-726A-4E0F-B265-6DE6F92669CE}.Debug|x86.ActiveCfg = Debug|Any CPU
		{CB6E88BD-726A-4E0F-B265-6DE6F92669CE}.Release|.NET.ActiveCfg = Release|Any CPU
		{CB6E88BD-726A-4E0F-B265-6DE6F92669CE}.Release|Any CPU.ActiveCfg = Release|Any CPU
		{CB6E88BD-726A-4E0F-B265-6DE6F92669CE}.Release|Any CPU.Build.0 = Release|Any CPU
		{CB6E88BD-726A-4E0F-B265-6DE6F92669CE}.Release|Mixed Platforms.ActiveCfg = Release|Any CPU
		{CB6E88BD-726A-4E0F-B265-6DE6F92669CE}.Release|Mixed Platforms.Build.0 = Release|Any CPU
		{CB6E88BD-726A-4E0F-B265-6DE6F92669CE}.Release|x86.ActiveCfg = Release|Any CPU
		{6C44D73B-1D7D-43C7-85B4-9580D91718E4}.Debug|.NET.ActiveCfg = Debug|Any CPU
		{6C44D73B-1D7D-43C7-85B4-9580D91718E4}.Debug|Any CPU.ActiveCfg = Debug|Any CPU
		{6C44D73B-1D7D-43C7-85B4-9580D91718E4}.Debug|Any CPU.Build.0 = Debug|Any CPU
		{6C44D73B-1D7D-43C7-85B4-9580D91718E4}.Debug|Mixed Platforms.ActiveCfg = Release|Any CPU
		{6C44D73B-1D7D-43C7-85B4-9580D91718E4}.Debug|Mixed Platforms.Build.0 = Release|Any CPU
		{6C44D73B-1D7D-43C7-85B4-9580D91718E4}.Debug|x86.ActiveCfg = Debug|Any CPU
		{6C44D73B-1D7D-43C7-85B4-9580D91718E4}.Release|.NET.ActiveCfg = Release|Any CPU
		{6C44D73B-1D7D-43C7-85B4-9580D91718E4}.Release|Any CPU.ActiveCfg = Release|Any CPU
		{6C44D73B-1D7D-43C7-85B4-9580D91718E4}.Release|Mixed Platforms.ActiveCfg = Release|Any CPU
		{6C44D73B-1D7D-43C7-85B4-9580D91718E4}.Release|Mixed Platforms.Build.0 = Release|Any CPU
		{6C44D73B-1D7D-43C7-85B4-9580D91718E4}.Release|x86.ActiveCfg = Release|Any CPU
		{53627E83-015D-462C-BEF9-939443C37298}.Debug|.NET.ActiveCfg = Debug|Any CPU
		{53627E83-015D-462C-BEF9-939443C37298}.Debug|Any CPU.ActiveCfg = Debug|Any CPU
		{53627E83-015D-462C-BEF9-939443C37298}.Debug|Any CPU.Build.0 = Debug|Any CPU
		{53627E83-015D-462C-BEF9-939443C37298}.Debug|Mixed Platforms.ActiveCfg = Release|Any CPU
		{53627E83-015D-462C-BEF9-939443C37298}.Debug|Mixed Platforms.Build.0 = Release|Any CPU
		{53627E83-015D-462C-BEF9-939443C37298}.Debug|x86.ActiveCfg = Debug|Any CPU
		{53627E83-015D-462C-BEF9-939443C37298}.Release|.NET.ActiveCfg = Release|Any CPU
		{53627E83-015D-462C-BEF9-939443C37298}.Release|Any CPU.ActiveCfg = Release|Any CPU
		{53627E83-015D-462C-BEF9-939443C37298}.Release|Mixed Platforms.ActiveCfg = Release|Any CPU
		{53627E83-015D-462C-BEF9-939443C37298}.Release|Mixed Platforms.Build.0 = Release|Any CPU
		{53627E83-015D-462C-BEF9-939443C37298}.Release|x86.ActiveCfg = Release|Any CPU
		{BB4394D2-6FEC-4610-BFFE-B6A95DE54142}.Debug|.NET.ActiveCfg = Debug|Any CPU
		{BB4394D2-6FEC-4610-BFFE-B6A95DE54142}.Debug|Any CPU.ActiveCfg = Debug|Any CPU
		{BB4394D2-6FEC-4610-BFFE-B6A95DE54142}.Debug|Any CPU.Build.0 = Debug|Any CPU
		{BB4394D2-6FEC-4610-BFFE-B6A95DE54142}.Debug|Mixed Platforms.ActiveCfg = Release|Any CPU
		{BB4394D2-6FEC-4610-BFFE-B6A95DE54142}.Debug|Mixed Platforms.Build.0 = Release|Any CPU
		{BB4394D2-6FEC-4610-BFFE-B6A95DE54142}.Debug|x86.ActiveCfg = Debug|Any CPU
		{BB4394D2-6FEC-4610-BFFE-B6A95DE54142}.Release|.NET.ActiveCfg = Release|Any CPU
		{BB4394D2-6FEC-4610-BFFE-B6A95DE54142}.Release|Any CPU.ActiveCfg = Release|Any CPU
		{BB4394D2-6FEC-4610-BFFE-B6A95DE54142}.Release|Any CPU.Build.0 = Release|Any CPU
		{BB4394D2-6FEC-4610-BFFE-B6A95DE54142}.Release|Mixed Platforms.ActiveCfg = Release|Any CPU
		{BB4394D2-6FEC-4610-BFFE-B6A95DE54142}.Release|Mixed Platforms.Build.0 = Release|Any CPU
		{BB4394D2-6FEC-4610-BFFE-B6A95DE54142}.Release|x86.ActiveCfg = Release|Any CPU
		{1BB71DA7-BA19-49D2-B8C2-CD10B6A6F9D5}.Debug|.NET.ActiveCfg = Debug|Any CPU
		{1BB71DA7-BA19-49D2-B8C2-CD10B6A6F9D5}.Debug|Any CPU.ActiveCfg = Debug|Any CPU
		{1BB71DA7-BA19-49D2-B8C2-CD10B6A6F9D5}.Debug|Any CPU.Build.0 = Debug|Any CPU
		{1BB71DA7-BA19-49D2-B8C2-CD10B6A6F9D5}.Debug|Mixed Platforms.ActiveCfg = Release|Any CPU
		{1BB71DA7-BA19-49D2-B8C2-CD10B6A6F9D5}.Debug|Mixed Platforms.Build.0 = Release|Any CPU
		{1BB71DA7-BA19-49D2-B8C2-CD10B6A6F9D5}.Debug|x86.ActiveCfg = Debug|Any CPU
		{1BB71DA7-BA19-49D2-B8C2-CD10B6A6F9D5}.Release|.NET.ActiveCfg = Release|Any CPU
		{1BB71DA7-BA19-49D2-B8C2-CD10B6A6F9D5}.Release|Any CPU.ActiveCfg = Release|Any CPU
		{1BB71DA7-BA19-49D2-B8C2-CD10B6A6F9D5}.Release|Any CPU.Build.0 = Release|Any CPU
		{1BB71DA7-BA19-49D2-B8C2-CD10B6A6F9D5}.Release|Mixed Platforms.ActiveCfg = Release|Any CPU
		{1BB71DA7-BA19-49D2-B8C2-CD10B6A6F9D5}.Release|Mixed Platforms.Build.0 = Release|Any CPU
		{1BB71DA7-BA19-49D2-B8C2-CD10B6A6F9D5}.Release|x86.ActiveCfg = Release|Any CPU
		{748DD530-B2A7-4459-9BE8-58BDB52C6183}.Debug|.NET.ActiveCfg = Debug|Any CPU
		{748DD530-B2A7-4459-9BE8-58BDB52C6183}.Debug|Any CPU.ActiveCfg = Debug|Any CPU
		{748DD530-B2A7-4459-9BE8-58BDB52C6183}.Debug|Any CPU.Build.0 = Debug|Any CPU
		{748DD530-B2A7-4459-9BE8-58BDB52C6183}.Debug|Mixed Platforms.ActiveCfg = Release|Any CPU
		{748DD530-B2A7-4459-9BE8-58BDB52C6183}.Debug|Mixed Platforms.Build.0 = Release|Any CPU
		{748DD530-B2A7-4459-9BE8-58BDB52C6183}.Debug|x86.ActiveCfg = Debug|Any CPU
		{748DD530-B2A7-4459-9BE8-58BDB52C6183}.Release|.NET.ActiveCfg = Release|Any CPU
		{748DD530-B2A7-4459-9BE8-58BDB52C6183}.Release|Any CPU.ActiveCfg = Release|Any CPU
		{748DD530-B2A7-4459-9BE8-58BDB52C6183}.Release|Any CPU.Build.0 = Release|Any CPU
		{748DD530-B2A7-4459-9BE8-58BDB52C6183}.Release|Mixed Platforms.ActiveCfg = Release|Any CPU
		{748DD530-B2A7-4459-9BE8-58BDB52C6183}.Release|Mixed Platforms.Build.0 = Release|Any CPU
		{748DD530-B2A7-4459-9BE8-58BDB52C6183}.Release|x86.ActiveCfg = Release|Any CPU
		{0232FFFA-2373-4F02-A76A-FFFB44CCD66D}.Debug|.NET.ActiveCfg = Debug|Any CPU
		{0232FFFA-2373-4F02-A76A-FFFB44CCD66D}.Debug|Any CPU.ActiveCfg = Debug|Any CPU
		{0232FFFA-2373-4F02-A76A-FFFB44CCD66D}.Debug|Any CPU.Build.0 = Debug|Any CPU
		{0232FFFA-2373-4F02-A76A-FFFB44CCD66D}.Debug|Mixed Platforms.ActiveCfg = Release|Any CPU
		{0232FFFA-2373-4F02-A76A-FFFB44CCD66D}.Debug|Mixed Platforms.Build.0 = Release|Any CPU
		{0232FFFA-2373-4F02-A76A-FFFB44CCD66D}.Debug|x86.ActiveCfg = Debug|Any CPU
		{0232FFFA-2373-4F02-A76A-FFFB44CCD66D}.Release|.NET.ActiveCfg = Release|Any CPU
		{0232FFFA-2373-4F02-A76A-FFFB44CCD66D}.Release|Any CPU.ActiveCfg = Release|Any CPU
		{0232FFFA-2373-4F02-A76A-FFFB44CCD66D}.Release|Any CPU.Build.0 = Release|Any CPU
		{0232FFFA-2373-4F02-A76A-FFFB44CCD66D}.Release|Mixed Platforms.ActiveCfg = Release|Any CPU
		{0232FFFA-2373-4F02-A76A-FFFB44CCD66D}.Release|Mixed Platforms.Build.0 = Release|Any CPU
		{0232FFFA-2373-4F02-A76A-FFFB44CCD66D}.Release|x86.ActiveCfg = Release|Any CPU
		{625E6639-8278-471F-99C3-01A8CB2E60F0}.Debug|.NET.ActiveCfg = Debug|.NET
		{625E6639-8278-471F-99C3-01A8CB2E60F0}.Debug|.NET.Build.0 = Debug|.NET
		{625E6639-8278-471F-99C3-01A8CB2E60F0}.Debug|Any CPU.ActiveCfg = Debug|.NET
		{625E6639-8278-471F-99C3-01A8CB2E60F0}.Debug|Mixed Platforms.ActiveCfg = Debug|.NET
		{625E6639-8278-471F-99C3-01A8CB2E60F0}.Debug|Mixed Platforms.Build.0 = Debug|.NET
		{625E6639-8278-471F-99C3-01A8CB2E60F0}.Debug|x86.ActiveCfg = Debug|.NET
		{625E6639-8278-471F-99C3-01A8CB2E60F0}.Release|.NET.ActiveCfg = Debug|.NET
		{625E6639-8278-471F-99C3-01A8CB2E60F0}.Release|.NET.Build.0 = Debug|.NET
		{625E6639-8278-471F-99C3-01A8CB2E60F0}.Release|Any CPU.ActiveCfg = Debug|.NET
		{625E6639-8278-471F-99C3-01A8CB2E60F0}.Release|Mixed Platforms.ActiveCfg = Debug|.NET
		{625E6639-8278-471F-99C3-01A8CB2E60F0}.Release|Mixed Platforms.Build.0 = Debug|.NET
		{625E6639-8278-471F-99C3-01A8CB2E60F0}.Release|x86.ActiveCfg = Debug|.NET
		{35A74646-694E-42A1-8541-1E3363CCB851}.Debug|.NET.ActiveCfg = Debug|Any CPU
		{35A74646-694E-42A1-8541-1E3363CCB851}.Debug|Any CPU.ActiveCfg = Debug|Any CPU
		{35A74646-694E-42A1-8541-1E3363CCB851}.Debug|Any CPU.Build.0 = Debug|Any CPU
		{35A74646-694E-42A1-8541-1E3363CCB851}.Debug|Mixed Platforms.ActiveCfg = Debug|Any CPU
		{35A74646-694E-42A1-8541-1E3363CCB851}.Debug|Mixed Platforms.Build.0 = Debug|Any CPU
		{35A74646-694E-42A1-8541-1E3363CCB851}.Debug|x86.ActiveCfg = Debug|Any CPU
		{35A74646-694E-42A1-8541-1E3363CCB851}.Release|.NET.ActiveCfg = Release|Any CPU
		{35A74646-694E-42A1-8541-1E3363CCB851}.Release|Any CPU.ActiveCfg = Release|Any CPU
		{35A74646-694E-42A1-8541-1E3363CCB851}.Release|Any CPU.Build.0 = Release|Any CPU
		{35A74646-694E-42A1-8541-1E3363CCB851}.Release|Mixed Platforms.ActiveCfg = Release|Any CPU
		{35A74646-694E-42A1-8541-1E3363CCB851}.Release|Mixed Platforms.Build.0 = Release|Any CPU
		{35A74646-694E-42A1-8541-1E3363CCB851}.Release|x86.ActiveCfg = Release|Any CPU
		{077CF19E-227A-4AF7-AAFC-F95CDDC8211D}.Debug|.NET.ActiveCfg = Debug|Any CPU
		{077CF19E-227A-4AF7-AAFC-F95CDDC8211D}.Debug|Any CPU.ActiveCfg = Debug|Any CPU
		{077CF19E-227A-4AF7-AAFC-F95CDDC8211D}.Debug|Any CPU.Build.0 = Debug|Any CPU
		{077CF19E-227A-4AF7-AAFC-F95CDDC8211D}.Debug|Mixed Platforms.ActiveCfg = Debug|Any CPU
		{077CF19E-227A-4AF7-AAFC-F95CDDC8211D}.Debug|Mixed Platforms.Build.0 = Debug|Any CPU
		{077CF19E-227A-4AF7-AAFC-F95CDDC8211D}.Debug|x86.ActiveCfg = Debug|Any CPU
		{077CF19E-227A-4AF7-AAFC-F95CDDC8211D}.Release|.NET.ActiveCfg = Release|Any CPU
		{077CF19E-227A-4AF7-AAFC-F95CDDC8211D}.Release|Any CPU.ActiveCfg = Release|Any CPU
		{077CF19E-227A-4AF7-AAFC-F95CDDC8211D}.Release|Any CPU.Build.0 = Release|Any CPU
		{077CF19E-227A-4AF7-AAFC-F95CDDC8211D}.Release|Mixed Platforms.ActiveCfg = Release|Any CPU
		{077CF19E-227A-4AF7-AAFC-F95CDDC8211D}.Release|Mixed Platforms.Build.0 = Release|Any CPU
		{077CF19E-227A-4AF7-AAFC-F95CDDC8211D}.Release|x86.ActiveCfg = Release|Any CPU
		{CE44F58E-AE57-4969-8819-0AD7F8362881}.Debug|.NET.ActiveCfg = Debug|Any CPU
		{CE44F58E-AE57-4969-8819-0AD7F8362881}.Debug|Any CPU.ActiveCfg = Debug|Any CPU
		{CE44F58E-AE57-4969-8819-0AD7F8362881}.Debug|Any CPU.Build.0 = Debug|Any CPU
		{CE44F58E-AE57-4969-8819-0AD7F8362881}.Debug|Mixed Platforms.ActiveCfg = Debug|Any CPU
		{CE44F58E-AE57-4969-8819-0AD7F8362881}.Debug|Mixed Platforms.Build.0 = Debug|Any CPU
		{CE44F58E-AE57-4969-8819-0AD7F8362881}.Debug|x86.ActiveCfg = Debug|Any CPU
		{CE44F58E-AE57-4969-8819-0AD7F8362881}.Release|.NET.ActiveCfg = Release|Any CPU
		{CE44F58E-AE57-4969-8819-0AD7F8362881}.Release|Any CPU.ActiveCfg = Release|Any CPU
		{CE44F58E-AE57-4969-8819-0AD7F8362881}.Release|Any CPU.Build.0 = Release|Any CPU
		{CE44F58E-AE57-4969-8819-0AD7F8362881}.Release|Mixed Platforms.ActiveCfg = Release|Any CPU
		{CE44F58E-AE57-4969-8819-0AD7F8362881}.Release|Mixed Platforms.Build.0 = Release|Any CPU
		{CE44F58E-AE57-4969-8819-0AD7F8362881}.Release|x86.ActiveCfg = Release|Any CPU
	EndGlobalSection
	GlobalSection(SolutionProperties) = preSolution
		HideSolutionNode = FALSE
	EndGlobalSection
EndGlobal
