
Microsoft Visual Studio Solution File, Format Version 10.00
# Visual Studio 2008
Project("{FAE04EC0-301F-11D3-BF4B-00C04F79EFBC}") = "XamlSync", "XamlSync\XamlSync.csproj", "{0C265AB5-D8BF-49C2-8FCD-DD44544678EF}"
EndProject
Global
	GlobalSection(TeamFoundationVersionControl) = preSolution
		SccNumberOfProjects = 2
		SccEnterpriseProvider = {4CA58AB2-18FA-4F8D-95D4-32DDF27D184C}
		SccTeamFoundationServer = https://tfs03.codeplex.com/
		SccLocalPath0 = .
		SccProjectUniqueName1 = XamlSync\\XamlSync.csproj
		SccProjectName1 = XamlSync
		SccLocalPath1 = XamlSync
	EndGlobalSection
	GlobalSection(SolutionConfigurationPlatforms) = preSolution
		Debug|Any CPU = Debug|Any CPU
		Release|Any CPU = Release|Any CPU
	EndGlobalSection
	GlobalSection(ProjectConfigurationPlatforms) = postSolution
		{0C265AB5-D8BF-49C2-8FCD-DD44544678EF}.Debug|Any CPU.ActiveCfg = Debug|Any CPU
		{0C265AB5-D8BF-49C2-8FCD-DD44544678EF}.Debug|Any CPU.Build.0 = Debug|Any CPU
		{0C265AB5-D8BF-49C2-8FCD-DD44544678EF}.Release|Any CPU.ActiveCfg = Release|Any CPU
		{0C265AB5-D8BF-49C2-8FCD-DD44544678EF}.Release|Any CPU.Build.0 = Release|Any CPU
	EndGlobalSection
	GlobalSection(SolutionProperties) = preSolution
		HideSolutionNode = FALSE
	EndGlobalSection
EndGlobal
